
Microsoft Visual Studio Solution File, Format Version 12.00
# Visual Studio Version 17
VisualStudioVersion = 17.4.33122.133
MinimumVisualStudioVersion = 10.0.40219.1
Project("{FAE04EC0-301F-11D3-BF4B-00C04F79EFBC}") = "Esport_Register", "Esport_Register\Esport_Register.csproj", "{9F666F5F-253D-4D90-A30F-709CA0798DFD}"
EndProject
Global
	GlobalSection(SolutionConfigurationPlatforms) = preSolution
		Debug|Any CPU = Debug|Any CPU
		Release|Any CPU = Release|Any CPU
	EndGlobalSection
	GlobalSection(ProjectConfigurationPlatforms) = postSolution
		{9F666F5F-253D-4D90-A30F-709CA0798DFD}.Debug|Any CPU.ActiveCfg = Debug|Any CPU
		{9F666F5F-253D-4D90-A30F-709CA0798DFD}.Debug|Any CPU.Build.0 = Debug|Any CPU
		{9F666F5F-253D-4D90-A30F-709CA0798DFD}.Release|Any CPU.ActiveCfg = Release|Any CPU
		{9F666F5F-253D-4D90-A30F-709CA0798DFD}.Release|Any CPU.Build.0 = Release|Any CPU
	EndGlobalSection
	GlobalSection(SolutionProperties) = preSolution
		HideSolutionNode = FALSE
	EndGlobalSection
	GlobalSection(ExtensibilityGlobals) = postSolution
		SolutionGuid = {28170078-E910-43D2-87C4-810600DF561F}
	EndGlobalSection
EndGlobal
